// !$*UTF8*$!
{
	archiveVersion = 1;
	classes = {
	};
	objectVersion = 77;
	objects = {

/* Begin PBXBuildFile section */
		B2AE7E0C0B34B5BF8F57B1B4 /* Assets.xcassets in Resources */ = {isa = PBXBuildFile; fileRef = 103DCEC79A2F9FFA35D66E1C /* Assets.xcassets */; };
		E049B910842EA8EA97201869 /* iFauxtoApp.swift in Sources */ = {isa = PBXBuildFile; fileRef = 0AD328EE97D38C9FECD54FC6 /* iFauxtoApp.swift */; };
		F8BDC931956D6ED6ABED3483 /* iFauxtoTests.swift in Sources */ = {isa = PBXBuildFile; fileRef = 6E37E26D083740E160EDE6DB /* iFauxtoTests.swift */; };
/* End PBXBuildFile section */

/* Begin PBXContainerItemProxy section */
		F2DF07130DED2562DCAC5F8E /* PBXContainerItemProxy */ = {
			isa = PBXContainerItemProxy;
			containerPortal = 1AD9601C2D032FFEF4189175 /* Project object */;
			proxyType = 1;
			remoteGlobalIDString = 538063FC23CF20A525C6CF79;
			remoteInfo = iFauxto;
		};
/* End PBXContainerItemProxy section */

/* Begin PBXFileReference section */
		0AD328EE97D38C9FECD54FC6 /* iFauxtoApp.swift */ = {isa = PBXFileReference; lastKnownFileType = sourcecode.swift; path = iFauxtoApp.swift; sourceTree = "<group>"; };
		103DCEC79A2F9FFA35D66E1C /* Assets.xcassets */ = {isa = PBXFileReference; lastKnownFileType = folder.assetcatalog; path = Assets.xcassets; sourceTree = "<group>"; };
		45E807B7B21B862F5B5014B8 /* iFauxtoTests.xctest */ = {isa = PBXFileReference; includeInIndex = 0; lastKnownFileType = wrapper.cfbundle; path = iFauxtoTests.xctest; sourceTree = BUILT_PRODUCTS_DIR; };
		55A5A8C7AC0FEE0A01CAA079 /* iFauxto.entitlements */ = {isa = PBXFileReference; lastKnownFileType = text.plist.entitlements; path = iFauxto.entitlements; sourceTree = "<group>"; };
		6E37E26D083740E160EDE6DB /* iFauxtoTests.swift */ = {isa = PBXFileReference; lastKnownFileType = sourcecode.swift; path = iFauxtoTests.swift; sourceTree = "<group>"; };
		6ECDE847A4204338D50CAD3D /* iFauxto.app */ = {isa = PBXFileReference; includeInIndex = 0; lastKnownFileType = wrapper.application; path = iFauxto.app; sourceTree = BUILT_PRODUCTS_DIR; };
		966484D5F5ED98072014BADD /* Info.plist */ = {isa = PBXFileReference; lastKnownFileType = text.plist; path = Info.plist; sourceTree = "<group>"; };
/* End PBXFileReference section */

/* Begin PBXGroup section */
		1B21D42FED2B17AF5CD958F7 = {
			isa = PBXGroup;
			children = (
				BDCFB4A128843D1A4CBF28D3 /* iFauxto */,
				48010A5284EE2145EA649CE4 /* iFauxtoTests */,
				C5BE542C18EB8B56E047D769 /* Products */,
			);
			sourceTree = "<group>";
		};
		48010A5284EE2145EA649CE4 /* iFauxtoTests */ = {
			isa = PBXGroup;
			children = (
				6E37E26D083740E160EDE6DB /* iFauxtoTests.swift */,
			);
			path = iFauxtoTests;
			sourceTree = "<group>";
		};
		6057BC9941035F1BE891E194 /* Resources */ = {
			isa = PBXGroup;
			children = (
				103DCEC79A2F9FFA35D66E1C /* Assets.xcassets */,
				966484D5F5ED98072014BADD /* Info.plist */,
			);
			path = Resources;
			sourceTree = "<group>";
		};
		6ACCA473D7E8D99D5594140D /* Models */ = {
			isa = PBXGroup;
			children = (
			);
			path = Models;
			sourceTree = "<group>";
		};
		9E9FAB1849D135C91BEFBF09 /* Services */ = {
			isa = PBXGroup;
			children = (
			);
			path = Services;
			sourceTree = "<group>";
		};
		BDCFB4A128843D1A4CBF28D3 /* iFauxto */ = {
			isa = PBXGroup;
			children = (
				55A5A8C7AC0FEE0A01CAA079 /* iFauxto.entitlements */,
				EFAC45BDF6AAE8E3B79509D8 /* App */,
				6ACCA473D7E8D99D5594140D /* Models */,
				6057BC9941035F1BE891E194 /* Resources */,
				9E9FAB1849D135C91BEFBF09 /* Services */,
				DF89BA579EA6955168912BA8 /* Utils */,
				D7DE5FBCB4FE50D700A85CB2 /* Views */,
			);
			path = iFauxto;
			sourceTree = "<group>";
		};
		C5BE542C18EB8B56E047D769 /* Products */ = {
			isa = PBXGroup;
			children = (
				6ECDE847A4204338D50CAD3D /* iFauxto.app */,
				45E807B7B21B862F5B5014B8 /* iFauxtoTests.xctest */,
			);
			name = Products;
			sourceTree = "<group>";
		};
		D7DE5FBCB4FE50D700A85CB2 /* Views */ = {
			isa = PBXGroup;
			children = (
			);
			path = Views;
			sourceTree = "<group>";
		};
		DF89BA579EA6955168912BA8 /* Utils */ = {
			isa = PBXGroup;
			children = (
			);
			path = Utils;
			sourceTree = "<group>";
		};
		EFAC45BDF6AAE8E3B79509D8 /* App */ = {
			isa = PBXGroup;
			children = (
				0AD328EE97D38C9FECD54FC6 /* iFauxtoApp.swift */,
			);
			path = App;
			sourceTree = "<group>";
		};
/* End PBXGroup section */

/* Begin PBXNativeTarget section */
		538063FC23CF20A525C6CF79 /* iFauxto */ = {
			isa = PBXNativeTarget;
			buildConfigurationList = A18CE1F09625738B310726AE /* Build configuration list for PBXNativeTarget "iFauxto" */;
			buildPhases = (
				990376224D497A4F5AF50E7B /* Sources */,
				C96008BA003BB0C81637F711 /* Resources */,
			);
			buildRules = (
			);
			dependencies = (
			);
			name = iFauxto;
			packageProductDependencies = (
			);
			productName = iFauxto;
			productReference = 6ECDE847A4204338D50CAD3D /* iFauxto.app */;
			productType = "com.apple.product-type.application";
		};
		C83E8FA224BA00616B3E5837 /* iFauxtoTests */ = {
			isa = PBXNativeTarget;
			buildConfigurationList = E778244D8B8FA305BBD1EA50 /* Build configuration list for PBXNativeTarget "iFauxtoTests" */;
			buildPhases = (
				7C96598AADDEB3E05876ECF7 /* Sources */,
			);
			buildRules = (
			);
			dependencies = (
				272531791CC3D547EFA3B741 /* PBXTargetDependency */,
			);
			name = iFauxtoTests;
			packageProductDependencies = (
			);
			productName = iFauxtoTests;
			productReference = 45E807B7B21B862F5B5014B8 /* iFauxtoTests.xctest */;
			productType = "com.apple.product-type.bundle.unit-test";
		};
/* End PBXNativeTarget section */

/* Begin PBXProject section */
		1AD9601C2D032FFEF4189175 /* Project object */ = {
			isa = PBXProject;
			attributes = {
				BuildIndependentTargetsInParallel = YES;
				LastUpgradeCheck = 1540;
				TargetAttributes = {
					538063FC23CF20A525C6CF79 = {
						DevelopmentTeam = "";
						ProvisioningStyle = Automatic;
					};
					C83E8FA224BA00616B3E5837 = {
						DevelopmentTeam = "";
					};
				};
			};
			buildConfigurationList = AE9978507AAA0A3881ED7097 /* Build configuration list for PBXProject "iFauxto" */;
			developmentRegion = en;
			hasScannedForEncodings = 0;
			knownRegions = (
				Base,
				en,
			);
			mainGroup = 1B21D42FED2B17AF5CD958F7;
			minimizedProjectReferenceProxies = 1;
			preferredProjectObjectVersion = 77;
			productRefGroup = C5BE542C18EB8B56E047D769 /* Products */;
			projectDirPath = "";
			projectRoot = "";
			targets = (
				538063FC23CF20A525C6CF79 /* iFauxto */,
				C83E8FA224BA00616B3E5837 /* iFauxtoTests */,
			);
		};
/* End PBXProject section */

/* Begin PBXResourcesBuildPhase section */
		C96008BA003BB0C81637F711 /* Resources */ = {
			isa = PBXResourcesBuildPhase;
			buildActionMask = 2147483647;
			files = (
				B2AE7E0C0B34B5BF8F57B1B4 /* Assets.xcassets in Resources */,
			);
			runOnlyForDeploymentPostprocessing = 0;
		};
/* End PBXResourcesBuildPhase section */

/* Begin PBXSourcesBuildPhase section */
		7C96598AADDEB3E05876ECF7 /* Sources */ = {
			isa = PBXSourcesBuildPhase;
			buildActionMask = 2147483647;
			files = (
				F8BDC931956D6ED6ABED3483 /* iFauxtoTests.swift in Sources */,
			);
			runOnlyForDeploymentPostprocessing = 0;
		};
		990376224D497A4F5AF50E7B /* Sources */ = {
			isa = PBXSourcesBuildPhase;
			buildActionMask = 2147483647;
			files = (
				E049B910842EA8EA97201869 /* iFauxtoApp.swift in Sources */,
			);
			runOnlyForDeploymentPostprocessing = 0;
		};
/* End PBXSourcesBuildPhase section */

/* Begin PBXTargetDependency section */
		272531791CC3D547EFA3B741 /* PBXTargetDependency */ = {
			isa = PBXTargetDependency;
			target = 538063FC23CF20A525C6CF79 /* iFauxto */;
			targetProxy = F2DF07130DED2562DCAC5F8E /* PBXContainerItemProxy */;
		};
/* End PBXTargetDependency section */

/* Begin XCBuildConfiguration section */
		018B7514B1BB0E8155528CE3 /* Release */ = {
			isa = XCBuildConfiguration;
			buildSettings = {
				ASSETCATALOG_COMPILER_APPICON_NAME = AppIcon;
				CODE_SIGN_ENTITLEMENTS = iFauxto/iFauxto.entitlements;
				CODE_SIGN_IDENTITY = "iPhone Developer";
				CODE_SIGN_STYLE = Automatic;
				DEVELOPMENT_TEAM = "";
				INFOPLIST_FILE = iFauxto/Resources/Info.plist;
				LD_RUNPATH_SEARCH_PATHS = (
					"$(inherited)",
					"@executable_path/Frameworks",
				);
				PRODUCT_BUNDLE_IDENTIFIER = com.ifauxto.app;
				SDKROOT = iphoneos;
				TARGETED_DEVICE_FAMILY = "1,2";
			};
			name = Release;
		};
		35D4013B071E5E5628E0E2FB /* Debug */ = {
			isa = XCBuildConfiguration;
			buildSettings = {
				ASSETCATALOG_COMPILER_APPICON_NAME = AppIcon;
				CODE_SIGN_ENTITLEMENTS = iFauxto/iFauxto.entitlements;
				CODE_SIGN_IDENTITY = "iPhone Developer";
				CODE_SIGN_STYLE = Automatic;
				DEVELOPMENT_TEAM = "";
				INFOPLIST_FILE = iFauxto/Resources/Info.plist;
				LD_RUNPATH_SEARCH_PATHS = (
					"$(inherited)",
					"@executable_path/Frameworks",
				);
				PRODUCT_BUNDLE_IDENTIFIER = com.ifauxto.app;
				SDKROOT = iphoneos;
				TARGETED_DEVICE_FAMILY = "1,2";
			};
			name = Debug;
		};
		4D9C3B063189EAEADEEF3F3C /* Release */ = {
			isa = XCBuildConfiguration;
			buildSettings = {
				BUNDLE_LOADER = "$(TEST_HOST)";
				DEVELOPMENT_TEAM = "";
				LD_RUNPATH_SEARCH_PATHS = (
					"$(inherited)",
					"@executable_path/Frameworks",
					"@loader_path/Frameworks",
				);
				PRODUCT_BUNDLE_IDENTIFIER = com.ifauxto.tests;
				SDKROOT = iphoneos;
				TARGETED_DEVICE_FAMILY = "1,2";
				TEST_HOST = "$(BUILT_PRODUCTS_DIR)/iFauxto.app/iFauxto";
			};
			name = Release;
		};
		5EA3A1B683CDD67CA874C1B1 /* Debug */ = {
			isa = XCBuildConfiguration;
			buildSettings = {
				BUNDLE_LOADER = "$(TEST_HOST)";
				DEVELOPMENT_TEAM = "";
				LD_RUNPATH_SEARCH_PATHS = (
					"$(inherited)",
					"@executable_path/Frameworks",
					"@loader_path/Frameworks",
				);
				PRODUCT_BUNDLE_IDENTIFIER = com.ifauxto.tests;
				SDKROOT = iphoneos;
				TARGETED_DEVICE_FAMILY = "1,2";
				TEST_HOST = "$(BUILT_PRODUCTS_DIR)/iFauxto.app/iFauxto";
			};
			name = Debug;
		};
		9A561557A4BF4DE10ED8831D /* Debug */ = {
			isa = XCBuildConfiguration;
			buildSettings = {
				ALWAYS_SEARCH_USER_PATHS = NO;
				CLANG_ANALYZER_NONNULL = YES;
				CLANG_ANALYZER_NUMBER_OBJECT_CONVERSION = YES_AGGRESSIVE;
				CLANG_CXX_LANGUAGE_STANDARD = "gnu++14";
				CLANG_CXX_LIBRARY = "libc++";
				CLANG_ENABLE_MODULES = YES;
				CLANG_ENABLE_OBJC_ARC = YES;
				CLANG_ENABLE_OBJC_WEAK = YES;
				CLANG_WARN_BLOCK_CAPTURE_AUTORELEASING = YES;
				CLANG_WARN_BOOL_CONVERSION = YES;
				CLANG_WARN_COMMA = YES;
				CLANG_WARN_CONSTANT_CONVERSION = YES;
				CLANG_WARN_DEPRECATED_OBJC_IMPLEMENTATIONS = YES;
				CLANG_WARN_DIRECT_OBJC_ISA_USAGE = YES_ERROR;
				CLANG_WARN_DOCUMENTATION_COMMENTS = YES;
				CLANG_WARN_EMPTY_BODY = YES;
				CLANG_WARN_ENUM_CONVERSION = YES;
				CLANG_WARN_INFINITE_RECURSION = YES;
				CLANG_WARN_INT_CONVERSION = YES;
				CLANG_WARN_NON_LITERAL_NULL_CONVERSION = YES;
				CLANG_WARN_OBJC_IMPLICIT_RETAIN_SELF = YES;
				CLANG_WARN_OBJC_LITERAL_CONVERSION = YES;
				CLANG_WARN_OBJC_ROOT_CLASS = YES_ERROR;
				CLANG_WARN_QUOTED_INCLUDE_IN_FRAMEWORK_HEADER = YES;
				CLANG_WARN_RANGE_LOOP_ANALYSIS = YES;
				CLANG_WARN_STRICT_PROTOTYPES = YES;
				CLANG_WARN_SUSPICIOUS_MOVE = YES;
				CLANG_WARN_UNGUARDED_AVAILABILITY = YES_AGGRESSIVE;
				CLANG_WARN_UNREACHABLE_CODE = YES;
				CLANG_WARN__DUPLICATE_METHOD_MATCH = YES;
				COPY_PHASE_STRIP = NO;
				CURRENT_PROJECT_VERSION = 1;
				DEBUG_INFORMATION_FORMAT = "dwarf-with-dsym";
				ENABLE_STRICT_OBJC_MSGSEND = YES;
				ENABLE_TESTABILITY = YES;
				GCC_C_LANGUAGE_STANDARD = gnu11;
				GCC_DYNAMIC_NO_PIC = NO;
				GCC_NO_COMMON_BLOCKS = YES;
				GCC_OPTIMIZATION_LEVEL = 0;
				GCC_PREPROCESSOR_DEFINITIONS = (
					"$(inherited)",
					"DEBUG=1",
				);
				GCC_WARN_64_TO_32_BIT_CONVERSION = YES;
				GCC_WARN_ABOUT_RETURN_TYPE = YES_ERROR;
				GCC_WARN_UNDECLARED_SELECTOR = YES;
				GCC_WARN_UNINITIALIZED_AUTOS = YES_AGGRESSIVE;
				GCC_WARN_UNUSED_FUNCTION = YES;
				GCC_WARN_UNUSED_VARIABLE = YES;
				IPHONEOS_DEPLOYMENT_TARGET = 17.0;
				MARKETING_VERSION = 1.0.0;
				MTL_ENABLE_DEBUG_INFO = INCLUDE_SOURCE;
				MTL_FAST_MATH = YES;
				ONLY_ACTIVE_ARCH = YES;
				PRODUCT_NAME = "$(TARGET_NAME)";
				SDKROOT = iphoneos;
				SWIFT_ACTIVE_COMPILATION_CONDITIONS = DEBUG;
				SWIFT_OPTIMIZATION_LEVEL = "-Onone";
				SWIFT_VERSION = 5.9;
			};
			name = Debug;
		};
		EB585F42CAC4FA47E19E00B4 /* Release */ = {
			isa = XCBuildConfiguration;
			buildSettings = {
				ALWAYS_SEARCH_USER_PATHS = NO;
				CLANG_ANALYZER_NONNULL = YES;
				CLANG_ANALYZER_NUMBER_OBJECT_CONVERSION = YES_AGGRESSIVE;
				CLANG_CXX_LANGUAGE_STANDARD = "gnu++14";
				CLANG_CXX_LIBRARY = "libc++";
				CLANG_ENABLE_MODULES = YES;
				CLANG_ENABLE_OBJC_ARC = YES;
				CLANG_ENABLE_OBJC_WEAK = YES;
				CLANG_WARN_BLOCK_CAPTURE_AUTORELEASING = YES;
				CLANG_WARN_BOOL_CONVERSION = YES;
				CLANG_WARN_COMMA = YES;
				CLANG_WARN_CONSTANT_CONVERSION = YES;
				CLANG_WARN_DEPRECATED_OBJC_IMPLEMENTATIONS = YES;
				CLANG_WARN_DIRECT_OBJC_ISA_USAGE = YES_ERROR;
				CLANG_WARN_DOCUMENTATION_COMMENTS = YES;
				CLANG_WARN_EMPTY_BODY = YES;
				CLANG_WARN_ENUM_CONVERSION = YES;
				CLANG_WARN_INFINITE_RECURSION = YES;
				CLANG_WARN_INT_CONVERSION = YES;
				CLANG_WARN_NON_LITERAL_NULL_CONVERSION = YES;
				CLANG_WARN_OBJC_IMPLICIT_RETAIN_SELF = YES;
				CLANG_WARN_OBJC_LITERAL_CONVERSION = YES;
				CLANG_WARN_OBJC_ROOT_CLASS = YES_ERROR;
				CLANG_WARN_QUOTED_INCLUDE_IN_FRAMEWORK_HEADER = YES;
				CLANG_WARN_RANGE_LOOP_ANALYSIS = YES;
				CLANG_WARN_STRICT_PROTOTYPES = YES;
				CLANG_WARN_SUSPICIOUS_MOVE = YES;
				CLANG_WARN_UNGUARDED_AVAILABILITY = YES_AGGRESSIVE;
				CLANG_WARN_UNREACHABLE_CODE = YES;
				CLANG_WARN__DUPLICATE_METHOD_MATCH = YES;
				COPY_PHASE_STRIP = NO;
				CURRENT_PROJECT_VERSION = 1;
				DEBUG_INFORMATION_FORMAT = "dwarf-with-dsym";
				ENABLE_NS_ASSERTIONS = NO;
				ENABLE_STRICT_OBJC_MSGSEND = YES;
				GCC_C_LANGUAGE_STANDARD = gnu11;
				GCC_NO_COMMON_BLOCKS = YES;
				GCC_WARN_64_TO_32_BIT_CONVERSION = YES;
				GCC_WARN_ABOUT_RETURN_TYPE = YES_ERROR;
				GCC_WARN_UNDECLARED_SELECTOR = YES;
				GCC_WARN_UNINITIALIZED_AUTOS = YES_AGGRESSIVE;
				GCC_WARN_UNUSED_FUNCTION = YES;
				GCC_WARN_UNUSED_VARIABLE = YES;
				IPHONEOS_DEPLOYMENT_TARGET = 17.0;
				MARKETING_VERSION = 1.0.0;
				MTL_ENABLE_DEBUG_INFO = NO;
				MTL_FAST_MATH = YES;
				PRODUCT_NAME = "$(TARGET_NAME)";
				SDKROOT = iphoneos;
				SWIFT_COMPILATION_MODE = wholemodule;
				SWIFT_OPTIMIZATION_LEVEL = "-O";
				SWIFT_VERSION = 5.9;
			};
			name = Release;
		};
/* End XCBuildConfiguration section */

/* Begin XCConfigurationList section */
		A18CE1F09625738B310726AE /* Build configuration list for PBXNativeTarget "iFauxto" */ = {
			isa = XCConfigurationList;
			buildConfigurations = (
				35D4013B071E5E5628E0E2FB /* Debug */,
				018B7514B1BB0E8155528CE3 /* Release */,
			);
			defaultConfigurationIsVisible = 0;
			defaultConfigurationName = Debug;
		};
		AE9978507AAA0A3881ED7097 /* Build configuration list for PBXProject "iFauxto" */ = {
			isa = XCConfigurationList;
			buildConfigurations = (
				9A561557A4BF4DE10ED8831D /* Debug */,
				EB585F42CAC4FA47E19E00B4 /* Release */,
			);
			defaultConfigurationIsVisible = 0;
			defaultConfigurationName = Debug;
		};
		E778244D8B8FA305BBD1EA50 /* Build configuration list for PBXNativeTarget "iFauxtoTests" */ = {
			isa = XCConfigurationList;
			buildConfigurations = (
				5EA3A1B683CDD67CA874C1B1 /* Debug */,
				4D9C3B063189EAEADEEF3F3C /* Release */,
			);
			defaultConfigurationIsVisible = 0;
			defaultConfigurationName = Debug;
		};
/* End XCConfigurationList section */
	};
	rootObject = 1AD9601C2D032FFEF4189175 /* Project object */;
}
